
Microsoft Visual Studio Solution File, Format Version 12.00
# Visual Studio Version 17
VisualStudioVersion = 17.14.36202.13 d17.14
MinimumVisualStudioVersion = 10.0.40219.1
Project("{FAE04EC0-301F-11D3-BF4B-00C04F79EFBC}") = "TestInterfaces1", "TestInterfaces1\TestInterfaces1.csproj", "{9202467C-4133-43A5-AE30-F6BB97C8986D}"
EndProject
Global
	GlobalSection(SolutionConfigurationPlatforms) = preSolution
		Debug|Any CPU = Debug|Any CPU
		Release|Any CPU = Release|Any CPU
	EndGlobalSection
	GlobalSection(ProjectConfigurationPlatforms) = postSolution
		{9202467C-4133-43A5-AE30-F6BB97C8986D}.Debug|Any CPU.ActiveCfg = Debug|Any CPU
		{9202467C-4133-43A5-AE30-F6BB97C8986D}.Debug|Any CPU.Build.0 = Debug|Any CPU
		{9202467C-4133-43A5-AE30-F6BB97C8986D}.Release|Any CPU.ActiveCfg = Release|Any CPU
		{9202467C-4133-43A5-AE30-F6BB97C8986D}.Release|Any CPU.Build.0 = Release|Any CPU
	EndGlobalSection
	GlobalSection(SolutionProperties) = preSolution
		HideSolutionNode = FALSE
	EndGlobalSection
	GlobalSection(ExtensibilityGlobals) = postSolution
		SolutionGuid = {3B93D472-BD9B-4B4E-8822-634B0703FF3B}
	EndGlobalSection
EndGlobal
